{
  "name": "mongoose-cryptify",
  "version": "0.0.4",
  "dependencies": {
    "bcrypt": {
      "version": "0.8.2",
      "from": "bcrypt@>=0.8.2 <0.9.0",
      "resolved": "https://registry.npmjs.org/bcrypt/-/bcrypt-0.8.2.tgz",
      "dependencies": {
        "bindings": {
          "version": "1.2.0",
          "from": "bindings@1.2.0",
          "resolved": "https://registry.npmjs.org/bindings/-/bindings-1.2.0.tgz"
        },
        "nan": {
          "version": "1.7.0",
          "from": "nan@1.7.0",
          "resolved": "https://registry.npmjs.org/nan/-/nan-1.7.0.tgz"
        }
      }
    },
    "bluebird": {
      "version": "2.9.25",
      "from": "bluebird@>=2.3.11 <3.0.0",
      "resolved": "https://registry.npmjs.org/bluebird/-/bluebird-2.9.25.tgz"
    }
  }
}
